
Microsoft Visual Studio Solution File, Format Version 12.00
# Visual Studio Version 17
VisualStudioVersion = 17.2.32630.192
MinimumVisualStudioVersion = 10.0.40219.1
Project("{FAE04EC0-301F-11D3-BF4B-00C04F79EFBC}") = "dot_net_2_2", "dot_net_2_2\dot_net_2_2.csproj", "{AB5DB1BD-C07B-441D-82DE-72112EB5A93B}"
EndProject
Project("{FAE04EC0-301F-11D3-BF4B-00C04F79EFBC}") = "TestDotNet2_2", "TestDotNet2_2\TestDotNet2_2.csproj", "{662B51EC-4FCE-4970-A041-1C1124182987}"
EndProject
Global
	GlobalSection(SolutionConfigurationPlatforms) = preSolution
		Debug|Any CPU = Debug|Any CPU
		Release|Any CPU = Release|Any CPU
	EndGlobalSection
	GlobalSection(ProjectConfigurationPlatforms) = postSolution
		{AB5DB1BD-C07B-441D-82DE-72112EB5A93B}.Debug|Any CPU.ActiveCfg = Debug|Any CPU
		{AB5DB1BD-C07B-441D-82DE-72112EB5A93B}.Debug|Any CPU.Build.0 = Debug|Any CPU
		{AB5DB1BD-C07B-441D-82DE-72112EB5A93B}.Release|Any CPU.ActiveCfg = Release|Any CPU
		{AB5DB1BD-C07B-441D-82DE-72112EB5A93B}.Release|Any CPU.Build.0 = Release|Any CPU
		{662B51EC-4FCE-4970-A041-1C1124182987}.Debug|Any CPU.ActiveCfg = Debug|Any CPU
		{662B51EC-4FCE-4970-A041-1C1124182987}.Debug|Any CPU.Build.0 = Debug|Any CPU
		{662B51EC-4FCE-4970-A041-1C1124182987}.Release|Any CPU.ActiveCfg = Release|Any CPU
		{662B51EC-4FCE-4970-A041-1C1124182987}.Release|Any CPU.Build.0 = Release|Any CPU
	EndGlobalSection
	GlobalSection(SolutionProperties) = preSolution
		HideSolutionNode = FALSE
	EndGlobalSection
	GlobalSection(ExtensibilityGlobals) = postSolution
		SolutionGuid = {47CEA4C2-183C-48DE-9D50-E1575456E734}
	EndGlobalSection
EndGlobal
