
Microsoft Visual Studio Solution File, Format Version 12.00
# Visual Studio Version 17
VisualStudioVersion = 17.2.32630.192
MinimumVisualStudioVersion = 10.0.40219.1
Project("{FAE04EC0-301F-11D3-BF4B-00C04F79EFBC}") = "dot_net_2_1", "dot_net_2_1\dot_net_2_1.csproj", "{0ED7D02C-7C91-421A-B6B9-7F2637EE3DB6}"
EndProject
Project("{FAE04EC0-301F-11D3-BF4B-00C04F79EFBC}") = "TestDotNet2_1", "TestDotNet2_1\TestDotNet2_1.csproj", "{D342D7BD-915C-44DC-BEFD-DDCF8120264A}"
EndProject
Global
	GlobalSection(SolutionConfigurationPlatforms) = preSolution
		Debug|Any CPU = Debug|Any CPU
		Release|Any CPU = Release|Any CPU
	EndGlobalSection
	GlobalSection(ProjectConfigurationPlatforms) = postSolution
		{0ED7D02C-7C91-421A-B6B9-7F2637EE3DB6}.Debug|Any CPU.ActiveCfg = Debug|Any CPU
		{0ED7D02C-7C91-421A-B6B9-7F2637EE3DB6}.Debug|Any CPU.Build.0 = Debug|Any CPU
		{0ED7D02C-7C91-421A-B6B9-7F2637EE3DB6}.Release|Any CPU.ActiveCfg = Release|Any CPU
		{0ED7D02C-7C91-421A-B6B9-7F2637EE3DB6}.Release|Any CPU.Build.0 = Release|Any CPU
		{D342D7BD-915C-44DC-BEFD-DDCF8120264A}.Debug|Any CPU.ActiveCfg = Debug|Any CPU
		{D342D7BD-915C-44DC-BEFD-DDCF8120264A}.Debug|Any CPU.Build.0 = Debug|Any CPU
		{D342D7BD-915C-44DC-BEFD-DDCF8120264A}.Release|Any CPU.ActiveCfg = Release|Any CPU
		{D342D7BD-915C-44DC-BEFD-DDCF8120264A}.Release|Any CPU.Build.0 = Release|Any CPU
	EndGlobalSection
	GlobalSection(SolutionProperties) = preSolution
		HideSolutionNode = FALSE
	EndGlobalSection
	GlobalSection(ExtensibilityGlobals) = postSolution
		SolutionGuid = {9D2BF209-5E8C-4711-8832-209BE1B25649}
	EndGlobalSection
EndGlobal
